{
  "nodes": {
    "catppuccin": {
      "locked": {
        "lastModified": 1719457243,
        "narHash": "sha256-5rOWwMAp/suWVKGavhfdyLsF2mA7Fv2DQWXlt7S+QWA=",
        "owner": "catppuccin",
        "repo": "nix",
        "rev": "53967ef237edd38a5b5cc5441e9b6a44b9554977",
        "type": "github"
      },
      "original": {
        "owner": "catppuccin",
        "repo": "nix",
        "type": "github"
      }
    },
    "fenix": {
      "inputs": {
        "nixpkgs": [
          "nixpkgs"
        ],
        "rust-analyzer-src": "rust-analyzer-src"
      },
      "locked": {
        "lastModified": 1719210510,
        "narHash": "sha256-k2UzQJoYURRxcSZxseB6ZX/cdr0K4svGDBZiE9FkaYs=",
        "owner": "nix-community",
        "repo": "fenix",
        "rev": "57a65e7ae468a2d53f645afdd84fcc3f1c63a5d7",
        "type": "github"
      },
      "original": {
        "owner": "nix-community",
        "repo": "fenix",
        "type": "github"
      }
    },
    "home-manager": {
      "inputs": {
        "nixpkgs": [
          "nixpkgs"
        ]
      },
      "locked": {
        "lastModified": 1718530513,
        "narHash": "sha256-BmO8d0r+BVlwWtMLQEYnwmngqdXIuyFzMwvmTcLMee8=",
        "owner": "nix-community",
        "repo": "home-manager",
        "rev": "a1fddf0967c33754271761d91a3d921772b30d0e",
        "type": "github"
      },
      "original": {
        "owner": "nix-community",
        "ref": "release-24.05",
        "repo": "home-manager",
        "type": "github"
      }
    },
    "nixpkgs": {
      "locked": {
        "lastModified": 1719253556,
        "narHash": "sha256-A/76RFUVxZ/7Y8+OMVL1Lc8LRhBxZ8ZE2bpMnvZ1VpY=",
        "owner": "NixOS",
        "repo": "nixpkgs",
        "rev": "fc07dc3bdf2956ddd64f24612ea7fc894933eb2e",
        "type": "github"
      },
      "original": {
        "id": "nixpkgs",
        "ref": "nixos-24.05",
        "type": "indirect"
      }
    },
    "root": {
      "inputs": {
        "catppuccin": "catppuccin",
        "fenix": "fenix",
        "home-manager": "home-manager",
        "nixpkgs": "nixpkgs"
      }
    },
    "rust-analyzer-src": {
      "flake": false,
      "locked": {
        "lastModified": 1719057472,
        "narHash": "sha256-jzZRTQjXhiwEdzo/SlxP72BUa7g0LVr7MEsaR7A/geg=",
        "owner": "rust-lang",
        "repo": "rust-analyzer",
        "rev": "2fd803cc13dc11aeacaa6474e3f803988a7bfe1a",
        "type": "github"
      },
      "original": {
        "owner": "rust-lang",
        "ref": "nightly",
        "repo": "rust-analyzer",
        "type": "github"
      }
    }
  },
  "root": "root",
  "version": 7
}
